{
    "name": "login",
    "version": "0.0.0",
    "lockfileVersion": 1,
    "requires": true,
    "dependencies": {
        "@actions/core": {
            "version": "file:../action-modules/actions-core-0.0.0.tgz",
            "integrity": "sha512-aA3W5QTRIbaRxEDo/Pn/unVB+PB6Vbyx2QNjnV35QRDsdhbMd65e3Gige0NCkjoJ3P+P1Fv5B9jb7XV78yUBIQ=="
        },
        "@types/node": {
            "version": "12.0.10",
            "resolved": "https://registry.npmjs.org/@types/node/-/node-12.0.10.tgz",
            "integrity": "sha512-LcsGbPomWsad6wmMNv7nBLw7YYYyfdYcz6xryKYQhx89c3XXan+8Q6AJ43G5XDIaklaVkK3mE4fCb0SBvMiPSQ==",
            "dev": true
        }
    }
}
