{
    "name": "aks-login",
    "version": "0.0.0",
    "lockfileVersion": 1,
    "requires": true,
    "dependencies": {
        "@actions/core": {
            "version": "file:../action-modules/actions-core-0.0.0.tgz",
            "integrity": "sha512-aA3W5QTRIbaRxEDo/Pn/unVB+PB6Vbyx2QNjnV35QRDsdhbMd65e3Gige0NCkjoJ3P+P1Fv5B9jb7XV78yUBIQ=="
        },
        "@types/node": {
            "version": "12.0.10",
            "resolved": "https://registry.npmjs.org/@types/node/-/node-12.0.10.tgz",
            "integrity": "sha512-LcsGbPomWsad6wmMNv7nBLw7YYYyfdYcz6xryKYQhx89c3XXan+8Q6AJ43G5XDIaklaVkK3mE4fCb0SBvMiPSQ==",
            "dev": true
        },
        "tunnel": {
            "version": "0.0.4",
            "resolved": "https://registry.npmjs.org/tunnel/-/tunnel-0.0.4.tgz",
            "integrity": "sha1-LTeFoVjBdMmhbcLARuxfxfF0IhM="
        },
        "typed-rest-client": {
            "version": "1.5.0",
            "resolved": "https://registry.npmjs.org/typed-rest-client/-/typed-rest-client-1.5.0.tgz",
            "integrity": "sha512-DVZRlmsfnTjp6ZJaatcdyvvwYwbWvR4YDNFDqb+qdTxpvaVP99YCpBkA8rxsLtAPjBVoDe4fNsnMIdZTiPuKWg==",
            "requires": {
                "tunnel": "0.0.4",
                "underscore": "1.8.3"
            }
        },
        "underscore": {
            "version": "1.8.3",
            "resolved": "https://registry.npmjs.org/underscore/-/underscore-1.8.3.tgz",
            "integrity": "sha1-Tz+1OxBuYJf8+ctBCfKl6b36UCI="
        }
    }
}
